
Microsoft Visual Studio Solution File, Format Version 12.00
# Visual Studio 2012
Project("{FAE04EC0-301F-11D3-BF4B-00C04F79EFBC}") = "SwenUI", "SwenUI\SwenUI.csproj", "{8198D82B-5712-4387-9778-B4582FB9A814}"
EndProject
Global
	GlobalSection(SolutionConfigurationPlatforms) = preSolution
		Debug|Any CPU = Debug|Any CPU
		Release|Any CPU = Release|Any CPU
	EndGlobalSection
	GlobalSection(ProjectConfigurationPlatforms) = postSolution
		{8198D82B-5712-4387-9778-B4582FB9A814}.Debug|Any CPU.ActiveCfg = Debug|Any CPU
		{8198D82B-5712-4387-9778-B4582FB9A814}.Debug|Any CPU.Build.0 = Debug|Any CPU
		{8198D82B-5712-4387-9778-B4582FB9A814}.Release|Any CPU.ActiveCfg = Release|Any CPU
		{8198D82B-5712-4387-9778-B4582FB9A814}.Release|Any CPU.Build.0 = Release|Any CPU
	EndGlobalSection
	GlobalSection(SolutionProperties) = preSolution
		HideSolutionNode = FALSE
	EndGlobalSection
EndGlobal
